// !$*UTF8*$!
{
	archiveVersion = 1;
	classes = {
	};
	objectVersion = 46;
	objects = {

/* Begin PBXBuildFile section */
		862468911F019ED400FE5A49 /* AppDelegate.swift in Sources */ = {isa = PBXBuildFile; fileRef = 862468901F019ED400FE5A49 /* AppDelegate.swift */; };
		862468931F019ED400FE5A49 /* ViewController.swift in Sources */ = {isa = PBXBuildFile; fileRef = 862468921F019ED400FE5A49 /* ViewController.swift */; };
		862468961F019ED400FE5A49 /* Main.storyboard in Resources */ = {isa = PBXBuildFile; fileRef = 862468941F019ED400FE5A49 /* Main.storyboard */; };
		862468981F019ED400FE5A49 /* Assets.xcassets in Resources */ = {isa = PBXBuildFile; fileRef = 862468971F019ED400FE5A49 /* Assets.xcassets */; };
		8624689B1F019ED400FE5A49 /* LaunchScreen.storyboard in Resources */ = {isa = PBXBuildFile; fileRef = 862468991F019ED400FE5A49 /* LaunchScreen.storyboard */; };
		862468A31F019F0200FE5A49 /* TeamMemberCell.swift in Sources */ = {isa = PBXBuildFile; fileRef = 862468A21F019F0200FE5A49 /* TeamMemberCell.swift */; };
		862468A51F019FF500FE5A49 /* TeamMember.swift in Sources */ = {isa = PBXBuildFile; fileRef = 862468A41F019FF500FE5A49 /* TeamMember.swift */; };
/* End PBXBuildFile section */

/* Begin PBXFileReference section */
		8624688D1F019ED400FE5A49 /* Constraints.app */ = {isa = PBXFileReference; explicitFileType = wrapper.application; includeInIndex = 0; path = Constraints.app; sourceTree = BUILT_PRODUCTS_DIR; };
		862468901F019ED400FE5A49 /* AppDelegate.swift */ = {isa = PBXFileReference; lastKnownFileType = sourcecode.swift; path = AppDelegate.swift; sourceTree = "<group>"; };
		862468921F019ED400FE5A49 /* ViewController.swift */ = {isa = PBXFileReference; lastKnownFileType = sourcecode.swift; path = ViewController.swift; sourceTree = "<group>"; };
		862468951F019ED400FE5A49 /* Base */ = {isa = PBXFileReference; lastKnownFileType = file.storyboard; name = Base; path = Base.lproj/Main.storyboard; sourceTree = "<group>"; };
		862468971F019ED400FE5A49 /* Assets.xcassets */ = {isa = PBXFileReference; lastKnownFileType = folder.assetcatalog; path = Assets.xcassets; sourceTree = "<group>"; };
		8624689A1F019ED400FE5A49 /* Base */ = {isa = PBXFileReference; lastKnownFileType = file.storyboard; name = Base; path = Base.lproj/LaunchScreen.storyboard; sourceTree = "<group>"; };
		8624689C1F019ED400FE5A49 /* Info.plist */ = {isa = PBXFileReference; lastKnownFileType = text.plist.xml; path = Info.plist; sourceTree = "<group>"; };
		862468A21F019F0200FE5A49 /* TeamMemberCell.swift */ = {isa = PBXFileReference; fileEncoding = 4; lastKnownFileType = sourcecode.swift; path = TeamMemberCell.swift; sourceTree = "<group>"; };
		862468A41F019FF500FE5A49 /* TeamMember.swift */ = {isa = PBXFileReference; fileEncoding = 4; lastKnownFileType = sourcecode.swift; path = TeamMember.swift; sourceTree = "<group>"; };
/* End PBXFileReference section */

/* Begin PBXFrameworksBuildPhase section */
		8624688A1F019ED400FE5A49 /* Frameworks */ = {
			isa = PBXFrameworksBuildPhase;
			buildActionMask = 2147483647;
			files = (
			);
			runOnlyForDeploymentPostprocessing = 0;
		};
/* End PBXFrameworksBuildPhase section */

/* Begin PBXGroup section */
		862468841F019ED400FE5A49 = {
			isa = PBXGroup;
			children = (
				8624688F1F019ED400FE5A49 /* Constraints */,
				8624688E1F019ED400FE5A49 /* Products */,
			);
			sourceTree = "<group>";
		};
		8624688E1F019ED400FE5A49 /* Products */ = {
			isa = PBXGroup;
			children = (
				8624688D1F019ED400FE5A49 /* Constraints.app */,
			);
			name = Products;
			sourceTree = "<group>";
		};
		8624688F1F019ED400FE5A49 /* Constraints */ = {
			isa = PBXGroup;
			children = (
				862468901F019ED400FE5A49 /* AppDelegate.swift */,
				862468921F019ED400FE5A49 /* ViewController.swift */,
				862468941F019ED400FE5A49 /* Main.storyboard */,
				862468971F019ED400FE5A49 /* Assets.xcassets */,
				862468991F019ED400FE5A49 /* LaunchScreen.storyboard */,
				8624689C1F019ED400FE5A49 /* Info.plist */,
				862468A21F019F0200FE5A49 /* TeamMemberCell.swift */,
				862468A41F019FF500FE5A49 /* TeamMember.swift */,
			);
			path = Constraints;
			sourceTree = "<group>";
		};
/* End PBXGroup section */

/* Begin PBXNativeTarget section */
		8624688C1F019ED400FE5A49 /* Constraints */ = {
			isa = PBXNativeTarget;
			buildConfigurationList = 8624689F1F019ED400FE5A49 /* Build configuration list for PBXNativeTarget "Constraints" */;
			buildPhases = (
				862468891F019ED400FE5A49 /* Sources */,
				8624688A1F019ED400FE5A49 /* Frameworks */,
				8624688B1F019ED400FE5A49 /* Resources */,
			);
			buildRules = (
			);
			dependencies = (
			);
			name = Constraints;
			productName = Constraints;
			productReference = 8624688D1F019ED400FE5A49 /* Constraints.app */;
			productType = "com.apple.product-type.application";
		};
/* End PBXNativeTarget section */

/* Begin PBXProject section */
		862468851F019ED400FE5A49 /* Project object */ = {
			isa = PBXProject;
			attributes = {
				LastSwiftUpdateCheck = 0830;
				LastUpgradeCheck = 0830;
				ORGANIZATIONNAME = amlcurran;
				TargetAttributes = {
					8624688C1F019ED400FE5A49 = {
						CreatedOnToolsVersion = 8.3.3;
						ProvisioningStyle = Automatic;
					};
				};
			};
			buildConfigurationList = 862468881F019ED400FE5A49 /* Build configuration list for PBXProject "Constraints" */;
			compatibilityVersion = "Xcode 3.2";
			developmentRegion = English;
			hasScannedForEncodings = 0;
			knownRegions = (
				en,
				Base,
			);
			mainGroup = 862468841F019ED400FE5A49;
			productRefGroup = 8624688E1F019ED400FE5A49 /* Products */;
			projectDirPath = "";
			projectRoot = "";
			targets = (
				8624688C1F019ED400FE5A49 /* Constraints */,
			);
		};
/* End PBXProject section */

/* Begin PBXResourcesBuildPhase section */
		8624688B1F019ED400FE5A49 /* Resources */ = {
			isa = PBXResourcesBuildPhase;
			buildActionMask = 2147483647;
			files = (
				8624689B1F019ED400FE5A49 /* LaunchScreen.storyboard in Resources */,
				862468981F019ED400FE5A49 /* Assets.xcassets in Resources */,
				862468961F019ED400FE5A49 /* Main.storyboard in Resources */,
			);
			runOnlyForDeploymentPostprocessing = 0;
		};
/* End PBXResourcesBuildPhase section */

/* Begin PBXSourcesBuildPhase section */
		862468891F019ED400FE5A49 /* Sources */ = {
			isa = PBXSourcesBuildPhase;
			buildActionMask = 2147483647;
			files = (
				862468931F019ED400FE5A49 /* ViewController.swift in Sources */,
				862468A31F019F0200FE5A49 /* TeamMemberCell.swift in Sources */,
				862468A51F019FF500FE5A49 /* TeamMember.swift in Sources */,
				862468911F019ED400FE5A49 /* AppDelegate.swift in Sources */,
			);
			runOnlyForDeploymentPostprocessing = 0;
		};
/* End PBXSourcesBuildPhase section */

/* Begin PBXVariantGroup section */
		862468941F019ED400FE5A49 /* Main.storyboard */ = {
			isa = PBXVariantGroup;
			children = (
				862468951F019ED400FE5A49 /* Base */,
			);
			name = Main.storyboard;
			sourceTree = "<group>";
		};
		862468991F019ED400FE5A49 /* LaunchScreen.storyboard */ = {
			isa = PBXVariantGroup;
			children = (
				8624689A1F019ED400FE5A49 /* Base */,
			);
			name = LaunchScreen.storyboard;
			sourceTree = "<group>";
		};
/* End PBXVariantGroup section */

/* Begin XCBuildConfiguration section */
		8624689D1F019ED400FE5A49 /* Debug */ = {
			isa = XCBuildConfiguration;
			buildSettings = {
				ALWAYS_SEARCH_USER_PATHS = NO;
				CLANG_ANALYZER_NONNULL = YES;
				CLANG_ANALYZER_NUMBER_OBJECT_CONVERSION = YES_AGGRESSIVE;
				CLANG_CXX_LANGUAGE_STANDARD = "gnu++0x";
				CLANG_CXX_LIBRARY = "libc++";
				CLANG_ENABLE_MODULES = YES;
				CLANG_ENABLE_OBJC_ARC = YES;
				CLANG_WARN_BOOL_CONVERSION = YES;
				CLANG_WARN_CONSTANT_CONVERSION = YES;
				CLANG_WARN_DIRECT_OBJC_ISA_USAGE = YES_ERROR;
				CLANG_WARN_DOCUMENTATION_COMMENTS = YES;
				CLANG_WARN_EMPTY_BODY = YES;
				CLANG_WARN_ENUM_CONVERSION = YES;
				CLANG_WARN_INFINITE_RECURSION = YES;
				CLANG_WARN_INT_CONVERSION = YES;
				CLANG_WARN_OBJC_ROOT_CLASS = YES_ERROR;
				CLANG_WARN_SUSPICIOUS_MOVE = YES;
				CLANG_WARN_UNREACHABLE_CODE = YES;
				CLANG_WARN__DUPLICATE_METHOD_MATCH = YES;
				"CODE_SIGN_IDENTITY[sdk=iphoneos*]" = "iPhone Developer";
				COPY_PHASE_STRIP = NO;
				DEBUG_INFORMATION_FORMAT = dwarf;
				ENABLE_STRICT_OBJC_MSGSEND = YES;
				ENABLE_TESTABILITY = YES;
				GCC_C_LANGUAGE_STANDARD = gnu99;
				GCC_DYNAMIC_NO_PIC = NO;
				GCC_NO_COMMON_BLOCKS = YES;
				GCC_OPTIMIZATION_LEVEL = 0;
				GCC_PREPROCESSOR_DEFINITIONS = (
					"DEBUG=1",
					"$(inherited)",
				);
				GCC_WARN_64_TO_32_BIT_CONVERSION = YES;
				GCC_WARN_ABOUT_RETURN_TYPE = YES_ERROR;
				GCC_WARN_UNDECLARED_SELECTOR = YES;
				GCC_WARN_UNINITIALIZED_AUTOS = YES_AGGRESSIVE;
				GCC_WARN_UNUSED_FUNCTION = YES;
				GCC_WARN_UNUSED_VARIABLE = YES;
				IPHONEOS_DEPLOYMENT_TARGET = 10.3;
				MTL_ENABLE_DEBUG_INFO = YES;
				ONLY_ACTIVE_ARCH = YES;
				SDKROOT = iphoneos;
				SWIFT_ACTIVE_COMPILATION_CONDITIONS = DEBUG;
				SWIFT_OPTIMIZATION_LEVEL = "-Onone";
			};
			name = Debug;
		};
		8624689E1F019ED400FE5A49 /* Release */ = {
			isa = XCBuildConfiguration;
			buildSettings = {
				ALWAYS_SEARCH_USER_PATHS = NO;
				CLANG_ANALYZER_NONNULL = YES;
				CLANG_ANALYZER_NUMBER_OBJECT_CONVERSION = YES_AGGRESSIVE;
				CLANG_CXX_LANGUAGE_STANDARD = "gnu++0x";
				CLANG_CXX_LIBRARY = "libc++";
				CLANG_ENABLE_MODULES = YES;
				CLANG_ENABLE_OBJC_ARC = YES;
				CLANG_WARN_BOOL_CONVERSION = YES;
				CLANG_WARN_CONSTANT_CONVERSION = YES;
				CLANG_WARN_DIRECT_OBJC_ISA_USAGE = YES_ERROR;
				CLANG_WARN_DOCUMENTATION_COMMENTS = YES;
				CLANG_WARN_EMPTY_BODY = YES;
				CLANG_WARN_ENUM_CONVERSION = YES;
				CLANG_WARN_INFINITE_RECURSION = YES;
				CLANG_WARN_INT_CONVERSION = YES;
				CLANG_WARN_OBJC_ROOT_CLASS = YES_ERROR;
				CLANG_WARN_SUSPICIOUS_MOVE = YES;
				CLANG_WARN_UNREACHABLE_CODE = YES;
				CLANG_WARN__DUPLICATE_METHOD_MATCH = YES;
				"CODE_SIGN_IDENTITY[sdk=iphoneos*]" = "iPhone Developer";
				COPY_PHASE_STRIP = NO;
				DEBUG_INFORMATION_FORMAT = "dwarf-with-dsym";
				ENABLE_NS_ASSERTIONS = NO;
				ENABLE_STRICT_OBJC_MSGSEND = YES;
				GCC_C_LANGUAGE_STANDARD = gnu99;
				GCC_NO_COMMON_BLOCKS = YES;
				GCC_WARN_64_TO_32_BIT_CONVERSION = YES;
				GCC_WARN_ABOUT_RETURN_TYPE = YES_ERROR;
				GCC_WARN_UNDECLARED_SELECTOR = YES;
				GCC_WARN_UNINITIALIZED_AUTOS = YES_AGGRESSIVE;
				GCC_WARN_UNUSED_FUNCTION = YES;
				GCC_WARN_UNUSED_VARIABLE = YES;
				IPHONEOS_DEPLOYMENT_TARGET = 10.3;
				MTL_ENABLE_DEBUG_INFO = NO;
				SDKROOT = iphoneos;
				SWIFT_OPTIMIZATION_LEVEL = "-Owholemodule";
				VALIDATE_PRODUCT = YES;
			};
			name = Release;
		};
		862468A01F019ED400FE5A49 /* Debug */ = {
			isa = XCBuildConfiguration;
			buildSettings = {
				ASSETCATALOG_COMPILER_APPICON_NAME = AppIcon;
				INFOPLIST_FILE = Constraints/Info.plist;
				LD_RUNPATH_SEARCH_PATHS = "$(inherited) @executable_path/Frameworks";
				PRODUCT_BUNDLE_IDENTIFIER = uk.co.amlcurran.Constraints;
				PRODUCT_NAME = "$(TARGET_NAME)";
				SWIFT_VERSION = 3.0;
			};
			name = Debug;
		};
		862468A11F019ED400FE5A49 /* Release */ = {
			isa = XCBuildConfiguration;
			buildSettings = {
				ASSETCATALOG_COMPILER_APPICON_NAME = AppIcon;
				INFOPLIST_FILE = Constraints/Info.plist;
				LD_RUNPATH_SEARCH_PATHS = "$(inherited) @executable_path/Frameworks";
				PRODUCT_BUNDLE_IDENTIFIER = uk.co.amlcurran.Constraints;
				PRODUCT_NAME = "$(TARGET_NAME)";
				SWIFT_VERSION = 3.0;
			};
			name = Release;
		};
/* End XCBuildConfiguration section */

/* Begin XCConfigurationList section */
		862468881F019ED400FE5A49 /* Build configuration list for PBXProject "Constraints" */ = {
			isa = XCConfigurationList;
			buildConfigurations = (
				8624689D1F019ED400FE5A49 /* Debug */,
				8624689E1F019ED400FE5A49 /* Release */,
			);
			defaultConfigurationIsVisible = 0;
			defaultConfigurationName = Release;
		};
		8624689F1F019ED400FE5A49 /* Build configuration list for PBXNativeTarget "Constraints" */ = {
			isa = XCConfigurationList;
			buildConfigurations = (
				862468A01F019ED400FE5A49 /* Debug */,
				862468A11F019ED400FE5A49 /* Release */,
			);
			defaultConfigurationIsVisible = 0;
		};
/* End XCConfigurationList section */
	};
	rootObject = 862468851F019ED400FE5A49 /* Project object */;
}
